Microsoft Visual Studio Solution File, Format Version 8.00
Project("{8BC9CEB8-8B4A-11D0-8D11-00A0C91BC942}") = "libcsoap", "libcsoap\libcsoap.vcproj", "{80806CD0-3D07-43C7-A08A-02CAB634D0CD}"
	ProjectSection(ProjectDependencies) = postProject
	EndProjectSection
EndProject
Project("{8BC9CEB8-8B4A-11D0-8D11-00A0C91BC942}") = "csoap", "examples\csoap\csoap.vcproj", "{3C020FEE-E132-41DB-B3CB-28B4D9331186}"
	ProjectSection(ProjectDependencies) = postProject
	EndProjectSection
EndProject
Project("{8BC9CEB8-8B4A-11D0-8D11-00A0C91BC942}") = "nanohttp", "nanohttp\nanohttp.vcproj", "{B935F0BE-F513-4F83-8A05-E0C0BE9A08BE}"
	ProjectSection(ProjectDependencies) = postProject
	EndProjectSection
EndProject
Project("{8BC9CEB8-8B4A-11D0-8D11-00A0C91BC942}") = "csoapserver", "csoapserver\csoapserver.vcproj", "{B330E865-6271-42DD-9DF4-6F32E934715E}"
	ProjectSection(ProjectDependencies) = postProject
	EndProjectSection
EndProject
Project("{8BC9CEB8-8B4A-11D0-8D11-00A0C91BC942}") = "postserver", "examples\nanohttp\postserver.vcproj", "{3D4C3C19-2166-4017-9103-D30AB5DD2AB2}"
	ProjectSection(ProjectDependencies) = postProject
	EndProjectSection
EndProject
Project("{8BC9CEB8-8B4A-11D0-8D11-00A0C91BC942}") = "helloserver", "examples\nanohttp\helloserver.vcproj", "{3D4C3C19-2166-4017-9103-D30AB5DD2AB2}"
	ProjectSection(ProjectDependencies) = postProject
	EndProjectSection
EndProject
Project("{8BC9CEB8-8B4A-11D0-8D11-00A0C91BC942}") = "httpcpost", "examples\nanohttp\httpcpost.vcproj", "{3D4C3C19-2166-4017-9103-D30AB5DD2AB2}"
	ProjectSection(ProjectDependencies) = postProject
	EndProjectSection
EndProject
Project("{8BC9CEB8-8B4A-11D0-8D11-00A0C91BC942}") = "httpget", "examples\nanohttp\httpget.vcproj", "{3D4C3C19-2166-4017-9103-D30AB5DD2AB2}"
	ProjectSection(ProjectDependencies) = postProject
	EndProjectSection
EndProject
Project("{8BC9CEB8-8B4A-11D0-8D11-00A0C91BC942}") = "httpgetcb", "examples\nanohttp\httpgetcb.vcproj", "{3D4C3C19-2166-4017-9103-D30AB5DD2AB2}"
	ProjectSection(ProjectDependencies) = postProject
	EndProjectSection
EndProject
Project("{8BC9CEB8-8B4A-11D0-8D11-00A0C91BC942}") = "httppost", "examples\nanohttp\httppost.vcproj", "{3D4C3C19-2166-4017-9103-D30AB5DD2AB2}"
	ProjectSection(ProjectDependencies) = postProject
	EndProjectSection
EndProject
Global
	GlobalSection(SolutionConfiguration) = preSolution
		Debug = Debug
		Release = Release
	EndGlobalSection
	GlobalSection(ProjectConfiguration) = postSolution
		{80806CD0-3D07-43C7-A08A-02CAB634D0CD}.Debug.ActiveCfg = Debug|Win32
		{80806CD0-3D07-43C7-A08A-02CAB634D0CD}.Debug.Build.0 = Debug|Win32
		{80806CD0-3D07-43C7-A08A-02CAB634D0CD}.Release.ActiveCfg = Release|Win32
		{80806CD0-3D07-43C7-A08A-02CAB634D0CD}.Release.Build.0 = Release|Win32
		{3C020FEE-E132-41DB-B3CB-28B4D9331186}.Debug.ActiveCfg = Debug|Win32
		{3C020FEE-E132-41DB-B3CB-28B4D9331186}.Debug.Build.0 = Debug|Win32
		{3C020FEE-E132-41DB-B3CB-28B4D9331186}.Release.ActiveCfg = Release|Win32
		{3C020FEE-E132-41DB-B3CB-28B4D9331186}.Release.Build.0 = Release|Win32
		{B935F0BE-F513-4F83-8A05-E0C0BE9A08BE}.Debug.ActiveCfg = Debug|Win32
		{B935F0BE-F513-4F83-8A05-E0C0BE9A08BE}.Debug.Build.0 = Debug|Win32
		{B935F0BE-F513-4F83-8A05-E0C0BE9A08BE}.Release.ActiveCfg = Release|Win32
		{B935F0BE-F513-4F83-8A05-E0C0BE9A08BE}.Release.Build.0 = Release|Win32
		{B330E865-6271-42DD-9DF4-6F32E934715E}.Debug.ActiveCfg = Debug|Win32
		{B330E865-6271-42DD-9DF4-6F32E934715E}.Debug.Build.0 = Debug|Win32
		{B330E865-6271-42DD-9DF4-6F32E934715E}.Release.ActiveCfg = Release|Win32
		{B330E865-6271-42DD-9DF4-6F32E934715E}.Release.Build.0 = Release|Win32
		{3D4C3C19-2166-4017-9103-D30AB5DD2AB2}.Debug.ActiveCfg = Debug|Win32
		{3D4C3C19-2166-4017-9103-D30AB5DD2AB2}.Debug.Build.0 = Debug|Win32
		{3D4C3C19-2166-4017-9103-D30AB5DD2AB2}.Release.ActiveCfg = Release|Win32
		{3D4C3C19-2166-4017-9103-D30AB5DD2AB2}.Release.Build.0 = Release|Win32
		{3D4C3C19-2166-4017-9103-D30AB5DD2AB2}.Debug.ActiveCfg = Debug|Win32
		{3D4C3C19-2166-4017-9103-D30AB5DD2AB2}.Debug.Build.0 = Debug|Win32
		{3D4C3C19-2166-4017-9103-D30AB5DD2AB2}.Release.ActiveCfg = Release|Win32
		{3D4C3C19-2166-4017-9103-D30AB5DD2AB2}.Release.Build.0 = Release|Win32
		{3D4C3C19-2166-4017-9103-D30AB5DD2AB2}.Debug.ActiveCfg = Debug|Win32
		{3D4C3C19-2166-4017-9103-D30AB5DD2AB2}.Debug.Build.0 = Debug|Win32
		{3D4C3C19-2166-4017-9103-D30AB5DD2AB2}.Release.ActiveCfg = Release|Win32
		{3D4C3C19-2166-4017-9103-D30AB5DD2AB2}.Release.Build.0 = Release|Win32
		{3D4C3C19-2166-4017-9103-D30AB5DD2AB2}.Debug.ActiveCfg = Debug|Win32
		{3D4C3C19-2166-4017-9103-D30AB5DD2AB2}.Debug.Build.0 = Debug|Win32
		{3D4C3C19-2166-4017-9103-D30AB5DD2AB2}.Release.ActiveCfg = Release|Win32
		{3D4C3C19-2166-4017-9103-D30AB5DD2AB2}.Release.Build.0 = Release|Win32
		{3D4C3C19-2166-4017-9103-D30AB5DD2AB2}.Debug.ActiveCfg = Debug|Win32
		{3D4C3C19-2166-4017-9103-D30AB5DD2AB2}.Debug.Build.0 = Debug|Win32
		{3D4C3C19-2166-4017-9103-D30AB5DD2AB2}.Release.ActiveCfg = Release|Win32
		{3D4C3C19-2166-4017-9103-D30AB5DD2AB2}.Release.Build.0 = Release|Win32
		{3D4C3C19-2166-4017-9103-D30AB5DD2AB2}.Debug.ActiveCfg = Debug|Win32
		{3D4C3C19-2166-4017-9103-D30AB5DD2AB2}.Debug.Build.0 = Debug|Win32
		{3D4C3C19-2166-4017-9103-D30AB5DD2AB2}.Release.ActiveCfg = Release|Win32
		{3D4C3C19-2166-4017-9103-D30AB5DD2AB2}.Release.Build.0 = Release|Win32
	EndGlobalSection
	GlobalSection(ExtensibilityGlobals) = postSolution
	EndGlobalSection
	GlobalSection(ExtensibilityAddIns) = postSolution
	EndGlobalSection
EndGlobal
